
Microsoft Visual Studio Solution File, Format Version 12.00
# Visual Studio Version 16
VisualStudioVersion = 16.0.32802.440
MinimumVisualStudioVersion = 10.0.40219.1
Project("{FAE04EC0-301F-11D3-BF4B-00C04F79EFBC}") = "API.Test", "API.Test\API.Test.csproj", "{0A2969D7-106D-48F4-935D-C7C68E74F1FE}"
	ProjectSection(ProjectDependencies) = postProject
		{18E5AA08-4D63-4333-9AA4-81F4278ADFE9} = {18E5AA08-4D63-4333-9AA4-81F4278ADFE9}
	EndProjectSection
EndProject
Project("{FAE04EC0-301F-11D3-BF4B-00C04F79EFBC}") = "API.MomsRecipes", "API.MomsRecipes\API.MomsRecipes.csproj", "{18E5AA08-4D63-4333-9AA4-81F4278ADFE9}"
EndProject
Project("{FAE04EC0-301F-11D3-BF4B-00C04F79EFBC}") = "Resto.Front.Api.MomsRecipes", "Resto.Front.Api.MomsRecipes\Resto.Front.Api.MomsRecipes.csproj", "{9DCA2881-4E87-49CE-AD4F-383FF7AE3CD1}"
	ProjectSection(ProjectDependencies) = postProject
		{18E5AA08-4D63-4333-9AA4-81F4278ADFE9} = {18E5AA08-4D63-4333-9AA4-81F4278ADFE9}
	EndProjectSection
EndProject
Global
	GlobalSection(SolutionConfigurationPlatforms) = preSolution
		Debug|Any CPU = Debug|Any CPU
		Release|Any CPU = Release|Any CPU
	EndGlobalSection
	GlobalSection(ProjectConfigurationPlatforms) = postSolution
		{0A2969D7-106D-48F4-935D-C7C68E74F1FE}.Debug|Any CPU.ActiveCfg = Debug|Any CPU
		{0A2969D7-106D-48F4-935D-C7C68E74F1FE}.Debug|Any CPU.Build.0 = Debug|Any CPU
		{0A2969D7-106D-48F4-935D-C7C68E74F1FE}.Release|Any CPU.ActiveCfg = Release|Any CPU
		{0A2969D7-106D-48F4-935D-C7C68E74F1FE}.Release|Any CPU.Build.0 = Release|Any CPU
		{18E5AA08-4D63-4333-9AA4-81F4278ADFE9}.Debug|Any CPU.ActiveCfg = Debug|Any CPU
		{18E5AA08-4D63-4333-9AA4-81F4278ADFE9}.Debug|Any CPU.Build.0 = Debug|Any CPU
		{18E5AA08-4D63-4333-9AA4-81F4278ADFE9}.Release|Any CPU.ActiveCfg = Release|Any CPU
		{18E5AA08-4D63-4333-9AA4-81F4278ADFE9}.Release|Any CPU.Build.0 = Release|Any CPU
		{9DCA2881-4E87-49CE-AD4F-383FF7AE3CD1}.Debug|Any CPU.ActiveCfg = Debug|Any CPU
		{9DCA2881-4E87-49CE-AD4F-383FF7AE3CD1}.Debug|Any CPU.Build.0 = Debug|Any CPU
		{9DCA2881-4E87-49CE-AD4F-383FF7AE3CD1}.Release|Any CPU.ActiveCfg = Release|Any CPU
		{9DCA2881-4E87-49CE-AD4F-383FF7AE3CD1}.Release|Any CPU.Build.0 = Release|Any CPU
	EndGlobalSection
	GlobalSection(SolutionProperties) = preSolution
		HideSolutionNode = FALSE
	EndGlobalSection
	GlobalSection(ExtensibilityGlobals) = postSolution
		SolutionGuid = {4D6EA7E5-7018-476A-A21B-ECC8D00E8CFD}
	EndGlobalSection
EndGlobal
